Microsoft Visual Studio Solution File, Format Version 12.00
# Visual Studio Version 17
VisualStudioVersion = 17.6.33712.159
MinimumVisualStudioVersion = 10.0.40219.1
Project("{9A19103F-16F7-4668-BE54-9A1E7A4F7556}") = "GryDoPrzejscia", "GryDoPrzejscia\GryDoPrzejscia.csproj", "{32124D48-0528-471F-8FC8-BC6F12F24C64}"
EndProject
Global
	GlobalSection(SolutionConfigurationPlatforms) = preSolution
		Debug|Any CPU = Debug|Any CPU
		Release|Any CPU = Release|Any CPU
	EndGlobalSection
	GlobalSection(ProjectConfigurationPlatforms) = postSolution
		{32124D48-0528-471F-8FC8-BC6F12F24C64}.Debug|Any CPU.ActiveCfg = Debug|Any CPU
		{32124D48-0528-471F-8FC8-BC6F12F24C64}.Debug|Any CPU.Build.0 = Debug|Any CPU
		{32124D48-0528-471F-8FC8-BC6F12F24C64}.Release|Any CPU.ActiveCfg = Release|Any CPU
		{32124D48-0528-471F-8FC8-BC6F12F24C64}.Release|Any CPU.Build.0 = Release|Any CPU
	EndGlobalSection
	GlobalSection(SolutionProperties) = preSolution
		HideSolutionNode = FALSE
	EndGlobalSection
	GlobalSection(ExtensibilityGlobals) = postSolution
		SolutionGuid = {BEDDA40B-EDAF-458E-A404-2AE65BAA3316}
	EndGlobalSection
EndGlobal
